
Microsoft Visual Studio Solution File, Format Version 12.00
# Visual Studio Version 17
VisualStudioVersion = 17.7.34018.315
MinimumVisualStudioVersion = 10.0.40219.1
Project("{FAE04EC0-301F-11D3-BF4B-00C04F79EFBC}") = "SchoolData", "SchoolData\SchoolData.csproj", "{A736EA64-F8C5-4C9A-BF2E-C976F5536DBD}"
EndProject
Project("{FAE04EC0-301F-11D3-BF4B-00C04F79EFBC}") = "SchoolDataTest", "SchoolDataTest\SchoolDataTest.csproj", "{EDAA3416-D838-4AC1-971C-848E753C2962}"
EndProject
Global
	GlobalSection(SolutionConfigurationPlatforms) = preSolution
		Debug|Any CPU = Debug|Any CPU
		Release|Any CPU = Release|Any CPU
	EndGlobalSection
	GlobalSection(ProjectConfigurationPlatforms) = postSolution
		{A736EA64-F8C5-4C9A-BF2E-C976F5536DBD}.Debug|Any CPU.ActiveCfg = Debug|Any CPU
		{A736EA64-F8C5-4C9A-BF2E-C976F5536DBD}.Debug|Any CPU.Build.0 = Debug|Any CPU
		{A736EA64-F8C5-4C9A-BF2E-C976F5536DBD}.Release|Any CPU.ActiveCfg = Release|Any CPU
		{A736EA64-F8C5-4C9A-BF2E-C976F5536DBD}.Release|Any CPU.Build.0 = Release|Any CPU
		{EDAA3416-D838-4AC1-971C-848E753C2962}.Debug|Any CPU.ActiveCfg = Debug|Any CPU
		{EDAA3416-D838-4AC1-971C-848E753C2962}.Debug|Any CPU.Build.0 = Debug|Any CPU
		{EDAA3416-D838-4AC1-971C-848E753C2962}.Release|Any CPU.ActiveCfg = Release|Any CPU
		{EDAA3416-D838-4AC1-971C-848E753C2962}.Release|Any CPU.Build.0 = Release|Any CPU
	EndGlobalSection
	GlobalSection(SolutionProperties) = preSolution
		HideSolutionNode = FALSE
	EndGlobalSection
	GlobalSection(ExtensibilityGlobals) = postSolution
		SolutionGuid = {1051525C-B35D-42B0-AFF2-783860E41785}
	EndGlobalSection
EndGlobal
